
Microsoft Visual Studio Solution File, Format Version 12.00
# Visual Studio Version 17
VisualStudioVersion = 17.0.32112.339
MinimumVisualStudioVersion = 10.0.40219.1
Project("{FAE04EC0-301F-11D3-BF4B-00C04F79EFBC}") = "Exercício1.ConsoleApp", "Exercício1.ConsoleApp\Exercício1.ConsoleApp.csproj", "{51A3C1CA-ECB8-418C-93E3-F1175EF4379E}"
EndProject
Project("{FAE04EC0-301F-11D3-BF4B-00C04F79EFBC}") = "Exercício2.ConsoleApp", "Exercício2.ConsoleApp\Exercício2.ConsoleApp.csproj", "{64B5BE14-183E-48B8-98AC-C249EB00F253}"
EndProject
Project("{FAE04EC0-301F-11D3-BF4B-00C04F79EFBC}") = "Exercício3.ConsolleApp", "Exercício3.ConsolleApp\Exercício3.ConsolleApp.csproj", "{133FB45A-FB28-4306-B60D-B1ED92789C3B}"
EndProject
Project("{FAE04EC0-301F-11D3-BF4B-00C04F79EFBC}") = "Exercício4.ConsoleApp", "Exercício4.ConsoleApp\Exercício4.ConsoleApp.csproj", "{6C56118B-E778-41E9-9A14-D43110D55F32}"
EndProject
Global
	GlobalSection(SolutionConfigurationPlatforms) = preSolution
		Debug|Any CPU = Debug|Any CPU
		Release|Any CPU = Release|Any CPU
	EndGlobalSection
	GlobalSection(ProjectConfigurationPlatforms) = postSolution
		{51A3C1CA-ECB8-418C-93E3-F1175EF4379E}.Debug|Any CPU.ActiveCfg = Debug|Any CPU
		{51A3C1CA-ECB8-418C-93E3-F1175EF4379E}.Debug|Any CPU.Build.0 = Debug|Any CPU
		{51A3C1CA-ECB8-418C-93E3-F1175EF4379E}.Release|Any CPU.ActiveCfg = Release|Any CPU
		{51A3C1CA-ECB8-418C-93E3-F1175EF4379E}.Release|Any CPU.Build.0 = Release|Any CPU
		{64B5BE14-183E-48B8-98AC-C249EB00F253}.Debug|Any CPU.ActiveCfg = Debug|Any CPU
		{64B5BE14-183E-48B8-98AC-C249EB00F253}.Debug|Any CPU.Build.0 = Debug|Any CPU
		{64B5BE14-183E-48B8-98AC-C249EB00F253}.Release|Any CPU.ActiveCfg = Release|Any CPU
		{64B5BE14-183E-48B8-98AC-C249EB00F253}.Release|Any CPU.Build.0 = Release|Any CPU
		{133FB45A-FB28-4306-B60D-B1ED92789C3B}.Debug|Any CPU.ActiveCfg = Debug|Any CPU
		{133FB45A-FB28-4306-B60D-B1ED92789C3B}.Debug|Any CPU.Build.0 = Debug|Any CPU
		{133FB45A-FB28-4306-B60D-B1ED92789C3B}.Release|Any CPU.ActiveCfg = Release|Any CPU
		{133FB45A-FB28-4306-B60D-B1ED92789C3B}.Release|Any CPU.Build.0 = Release|Any CPU
		{6C56118B-E778-41E9-9A14-D43110D55F32}.Debug|Any CPU.ActiveCfg = Debug|Any CPU
		{6C56118B-E778-41E9-9A14-D43110D55F32}.Debug|Any CPU.Build.0 = Debug|Any CPU
		{6C56118B-E778-41E9-9A14-D43110D55F32}.Release|Any CPU.ActiveCfg = Release|Any CPU
		{6C56118B-E778-41E9-9A14-D43110D55F32}.Release|Any CPU.Build.0 = Release|Any CPU
	EndGlobalSection
	GlobalSection(SolutionProperties) = preSolution
		HideSolutionNode = FALSE
	EndGlobalSection
	GlobalSection(ExtensibilityGlobals) = postSolution
		SolutionGuid = {805CC0B5-4A80-4E67-B915-0C56C50FC27C}
	EndGlobalSection
EndGlobal
